
Microsoft Visual Studio Solution File, Format Version 12.00
# Visual Studio Version 16
VisualStudioVersion = 16.0.31515.178
MinimumVisualStudioVersion = 10.0.40219.1
Project("{9A19103F-16F7-4668-BE54-9A1E7A4F7556}") = "MicroAutomation.Web", "Src\MicroAutomation.Web.csproj", "{D26106A7-4328-4321-9FB7-E0C90AF5469F}"
EndProject
Global
	GlobalSection(SolutionConfigurationPlatforms) = preSolution
		Debug|Any CPU = Debug|Any CPU
		Release|Any CPU = Release|Any CPU
	EndGlobalSection
	GlobalSection(ProjectConfigurationPlatforms) = postSolution
		{D26106A7-4328-4321-9FB7-E0C90AF5469F}.Debug|Any CPU.ActiveCfg = Debug|Any CPU
		{D26106A7-4328-4321-9FB7-E0C90AF5469F}.Debug|Any CPU.Build.0 = Debug|Any CPU
		{D26106A7-4328-4321-9FB7-E0C90AF5469F}.Release|Any CPU.ActiveCfg = Release|Any CPU
		{D26106A7-4328-4321-9FB7-E0C90AF5469F}.Release|Any CPU.Build.0 = Release|Any CPU
	EndGlobalSection
	GlobalSection(SolutionProperties) = preSolution
		HideSolutionNode = FALSE
	EndGlobalSection
	GlobalSection(ExtensibilityGlobals) = postSolution
		SolutionGuid = {6EC4B4C9-0700-4793-AF6B-458E6FFDD955}
	EndGlobalSection
EndGlobal
